
Microsoft Visual Studio Solution File, Format Version 12.00
# Visual Studio Version 16
VisualStudioVersion = 16.0.30907.101
MinimumVisualStudioVersion = 10.0.40219.1
Project("{FAE04EC0-301F-11D3-BF4B-00C04F79EFBC}") = "ApiMobileFood", "ApiMobileFood\ApiMobileFood.csproj", "{EBBC9449-2035-4345-B478-E9C6A8584695}"
EndProject
Project("{FAE04EC0-301F-11D3-BF4B-00C04F79EFBC}") = "WebTruckFood", "WebTruckFood\WebTruckFood.csproj", "{3F351FEF-100A-43A3-A469-8F0B467B92F1}"
EndProject
Global
	GlobalSection(SolutionConfigurationPlatforms) = preSolution
		Debug|Any CPU = Debug|Any CPU
		Release|Any CPU = Release|Any CPU
	EndGlobalSection
	GlobalSection(ProjectConfigurationPlatforms) = postSolution
		{EBBC9449-2035-4345-B478-E9C6A8584695}.Debug|Any CPU.ActiveCfg = Debug|Any CPU
		{EBBC9449-2035-4345-B478-E9C6A8584695}.Debug|Any CPU.Build.0 = Debug|Any CPU
		{EBBC9449-2035-4345-B478-E9C6A8584695}.Release|Any CPU.ActiveCfg = Release|Any CPU
		{EBBC9449-2035-4345-B478-E9C6A8584695}.Release|Any CPU.Build.0 = Release|Any CPU
		{3F351FEF-100A-43A3-A469-8F0B467B92F1}.Debug|Any CPU.ActiveCfg = Debug|Any CPU
		{3F351FEF-100A-43A3-A469-8F0B467B92F1}.Debug|Any CPU.Build.0 = Debug|Any CPU
		{3F351FEF-100A-43A3-A469-8F0B467B92F1}.Release|Any CPU.ActiveCfg = Release|Any CPU
		{3F351FEF-100A-43A3-A469-8F0B467B92F1}.Release|Any CPU.Build.0 = Release|Any CPU
	EndGlobalSection
	GlobalSection(SolutionProperties) = preSolution
		HideSolutionNode = FALSE
	EndGlobalSection
	GlobalSection(ExtensibilityGlobals) = postSolution
		SolutionGuid = {EE558DEA-D3C1-47D3-88E0-384EB8E05540}
	EndGlobalSection
EndGlobal
